{
  "version": 4,
  "terraform_version": "0.12.6",
  "serial": 6,
  "lineage": "19ae7758-1521-d62e-1b1e-288e8e6d73d2",
  "outputs": {},
  "resources": [
    {
      "mode": "managed",
      "type": "google_container_cluster",
      "name": "primary",
      "provider": "provider.google",
      "instances": [
        {
          "schema_version": 1,
          "attributes": {
            "additional_zones": [],
            "addons_config": [
              {
                "horizontal_pod_autoscaling": [],
                "http_load_balancing": [],
                "kubernetes_dashboard": [
                  {
                    "disabled": true
                  }
                ],
                "network_policy_config": [
                  {
                    "disabled": true
                  }
                ]
              }
            ],
            "cluster_autoscaling": [],
            "cluster_ipv4_cidr": "10.56.0.0/14",
            "description": "",
            "enable_binary_authorization": null,
            "enable_intranode_visibility": null,
            "enable_kubernetes_alpha": false,
            "enable_legacy_abac": false,
            "enable_tpu": null,
            "endpoint": "35.205.170.9",
            "id": "my-first-gke-cluster",
            "initial_node_count": 3,
            "instance_group_urls": [
              "https://www.googleapis.com/compute/v1/projects/goslash-dev/zones/europe-west1-b/instanceGroups/gke-my-first-gke-cluster-default-pool-04f71de4-grp"
            ],
            "ip_allocation_policy": [],
            "location": "europe-west1-b",
            "logging_service": "logging.googleapis.com",
            "maintenance_policy": [],
            "master_auth": [
              {
                "client_certificate": "",
                "client_certificate_config": [
                  {
                    "issue_client_certificate": false
                  }
                ],
                "client_key": "",
                "cluster_ca_certificate": "LS0tLS1CRUdJTiBDRVJUSUZJQ0FURS0tLS0tCk1JSURERENDQWZTZ0F3SUJBZ0lSQU1lMnUzdXdJbko0T1VsUWdPZEQvV0F3RFFZSktvWklodmNOQVFFTEJRQXcKTHpFdE1Dc0dBMVVFQXhNa04yWTBPVEF3TkRJdE1EWTVaaTAwWVROaExXRTFPRE10TkRZNFpURTNNR00zTUdSbApNQjRYRFRFNU1EZ3dPREEwTVRreE9Wb1hEVEkwTURnd05qQTFNVGt4T1Zvd0x6RXRNQ3NHQTFVRUF4TWtOMlkwCk9UQXdOREl0TURZNVppMDBZVE5oTFdFMU9ETXRORFk0WlRFM01HTTNNR1JsTUlJQklqQU5CZ2txaGtpRzl3MEIKQVFFRkFBT0NBUThBTUlJQkNnS0NBUUVBejZ4c0h4dG5OWVdrTjJuS0NwMTE1citnNkVjeERNTnZ1V01waTliRApGTFdqUVVLQnFlVmhDYUpvQWRmeGpyalFESk1xSmVuYy9RNk5mcXZORkEwc3A4S0p6SkQ1NFRvK01KMGl0dEpmCnBkWGxySDBHUm1mUkFERzA2dzdTaDRBN1UwL0w3YUZoNEVOVkZxUlZ0ODBLQ09OWkxNR3RXYTdYcXJSRHl3MW4KRmxMb1drWENMTUxDRVkrdmRsS1ZKZmI0UzVJcVdVY0NJK0M5b1hpVkRjTVg1RVR3N3owaUQzY1M1ZFZqZDVrMApoNVB1U0lkR1JHbDJqWnltS0sveHpZYUQ2RXZ5cmNwVWZSbTNLMVB1bFFHNUEySmtXREluSVFhZytCZnlqdGZkCjBuekd1ZFVFT2NOdWRsMEluZGxvQlRwTUVpOHBDVkFjd1ZGOWJLdTdrUlhTWndJREFRQUJveU13SVRBT0JnTlYKSFE4QkFmOEVCQU1DQWdRd0R3WURWUjBUQVFIL0JBVXdBd0VCL3pBTkJna3Foa2lHOXcwQkFRc0ZBQU9DQVFFQQpjZFdiMWhiT3lPOXIyNmR0QTRuRmRyOUdieng5Y1dOdHlFdUw2OWNxaGh6U0Q0TUZkbGdUanFuM1RQZ01KU1V1Cml6NkdMekFCazg5ZzJ4U0xTUFpFSTdDeGNvNm1FLzB3MXkzUm9DUzM0R0lIYW1Sa0FiK0FEb2FiOFZ1T0ZiZ1UKM3BycmRLL2VoQlZRWVJOWjMweWFRc291QXo5UEJzYWNDUmVhUHJnUGg2TlhqeU0yK21wTmtURWtDZFBQdGZ1cApzaldldzRkMjNkbWJtaDBobURodUplWVRpZ0JYL3I4Z25BaUFjQ09RaXp2K0MwcjVYd1EwLzR4SmdLNUZIdGorCnhTNkwza20wUDZnckIrLzZjMmk0NHRGT011MG83SGdndXRpdlA5ak9ZZmsrdlhySWNyOTF3NithK2dRWGwrcXIKaEYrNXFnTzBhZU1tVVRza3VZbDk5Zz09Ci0tLS0tRU5EIENFUlRJRklDQVRFLS0tLS0K",
                "password": "",
                "username": ""
              }
            ],
            "master_authorized_networks_config": [],
            "master_version": "1.12.8-gke.10",
            "min_master_version": null,
            "monitoring_service": "monitoring.googleapis.com",
            "name": "my-first-gke-cluster",
            "network": "projects/goslash-dev/global/networks/default",
            "network_policy": [
              {
                "enabled": false,
                "provider": "PROVIDER_UNSPECIFIED"
              }
            ],
            "node_config": [
              {
                "disk_size_gb": 100,
                "disk_type": "pd-standard",
                "guest_accelerator": [],
                "image_type": "COS",
                "labels": {},
                "local_ssd_count": 0,
                "machine_type": "n1-standard-1",
                "metadata": {
                  "disable-legacy-endpoints": "true"
                },
                "min_cpu_platform": "",
                "oauth_scopes": [
                  "https://www.googleapis.com/auth/devstorage.read_only",
                  "https://www.googleapis.com/auth/logging.write",
                  "https://www.googleapis.com/auth/monitoring",
                  "https://www.googleapis.com/auth/service.management.readonly",
                  "https://www.googleapis.com/auth/servicecontrol",
                  "https://www.googleapis.com/auth/trace.append"
                ],
                "preemptible": false,
                "sandbox_config": [],
                "service_account": "default",
                "tags": [],
                "taint": [],
                "workload_metadata_config": []
              }
            ],
            "node_locations": [],
            "node_pool": [
              {
                "autoscaling": [],
                "initial_node_count": 3,
                "instance_group_urls": [
                  "https://www.googleapis.com/compute/v1/projects/goslash-dev/zones/europe-west1-b/instanceGroupManagers/gke-my-first-gke-cluster-default-pool-04f71de4-grp"
                ],
                "management": [
                  {
                    "auto_repair": false,
                    "auto_upgrade": false
                  }
                ],
                "max_pods_per_node": 0,
                "name": "default-pool",
                "name_prefix": "",
                "node_config": [
                  {
                    "disk_size_gb": 100,
                    "disk_type": "pd-standard",
                    "guest_accelerator": [],
                    "image_type": "COS",
                    "labels": {},
                    "local_ssd_count": 0,
                    "machine_type": "n1-standard-1",
                    "metadata": {
                      "disable-legacy-endpoints": "true"
                    },
                    "min_cpu_platform": "",
                    "oauth_scopes": [
                      "https://www.googleapis.com/auth/devstorage.read_only",
                      "https://www.googleapis.com/auth/logging.write",
                      "https://www.googleapis.com/auth/monitoring",
                      "https://www.googleapis.com/auth/service.management.readonly",
                      "https://www.googleapis.com/auth/servicecontrol",
                      "https://www.googleapis.com/auth/trace.append"
                    ],
                    "preemptible": false,
                    "sandbox_config": [],
                    "service_account": "default",
                    "tags": [],
                    "taint": [],
                    "workload_metadata_config": []
                  }
                ],
                "node_count": 3,
                "version": "1.12.8-gke.10"
              }
            ],
            "node_version": "1.12.8-gke.10",
            "pod_security_policy_config": [],
            "private_cluster_config": [],
            "project": "goslash-dev",
            "region": null,
            "remove_default_node_pool": null,
            "resource_labels": {},
            "services_ipv4_cidr": "10.59.240.0/20",
            "subnetwork": "projects/goslash-dev/regions/europe-west1/subnetworks/default",
            "timeouts": null,
            "zone": "europe-west1-b"
          },
          "private": "eyJlMmJmYjczMC1lY2FhLTExZTYtOGY4OC0zNDM2M2JjN2M0YzAiOnsiY3JlYXRlIjoxODAwMDAwMDAwMDAwLCJkZWxldGUiOjE4MDAwMDAwMDAwMDAsInVwZGF0ZSI6MzYwMDAwMDAwMDAwMH0sInNjaGVtYV92ZXJzaW9uIjoiMSJ9"
        }
      ]
    },
    {
      "mode": "managed",
      "type": "google_container_node_pool",
      "name": "extra-pool",
      "provider": "provider.google",
      "instances": [
        {
          "schema_version": 1,
          "attributes": {
            "autoscaling": [],
            "cluster": "my-first-gke-cluster",
            "id": "europe-west1-b/my-first-gke-cluster/extra-node-pool",
            "initial_node_count": 3,
            "instance_group_urls": [
              "https://www.googleapis.com/compute/v1/projects/goslash-dev/zones/europe-west1-b/instanceGroupManagers/gke-my-first-gke-clus-extra-node-pool-88cf2318-grp"
            ],
            "location": "europe-west1-b",
            "management": [
              {
                "auto_repair": false,
                "auto_upgrade": false
              }
            ],
            "max_pods_per_node": null,
            "name": "extra-node-pool",
            "name_prefix": "",
            "node_config": [
              {
                "disk_size_gb": 100,
                "disk_type": "pd-standard",
                "guest_accelerator": [],
                "image_type": "COS",
                "labels": {},
                "local_ssd_count": 0,
                "machine_type": "n1-standard-1",
                "metadata": {
                  "disable-legacy-endpoints": "true"
                },
                "min_cpu_platform": "",
                "oauth_scopes": [
                  "https://www.googleapis.com/auth/devstorage.read_only",
                  "https://www.googleapis.com/auth/logging.write",
                  "https://www.googleapis.com/auth/monitoring",
                  "https://www.googleapis.com/auth/service.management.readonly",
                  "https://www.googleapis.com/auth/servicecontrol",
                  "https://www.googleapis.com/auth/trace.append"
                ],
                "preemptible": false,
                "sandbox_config": [],
                "service_account": "default",
                "tags": [],
                "taint": [],
                "workload_metadata_config": []
              }
            ],
            "node_count": 3,
            "project": "goslash-dev",
            "region": null,
            "timeouts": null,
            "version": "1.12.8-gke.10",
            "zone": "europe-west1-b"
          },
          "private": "eyJlMmJmYjczMC1lY2FhLTExZTYtOGY4OC0zNDM2M2JjN2M0YzAiOnsiY3JlYXRlIjoxODAwMDAwMDAwMDAwLCJkZWxldGUiOjYwMDAwMDAwMDAwMCwidXBkYXRlIjo2MDAwMDAwMDAwMDB9LCJzY2hlbWFfdmVyc2lvbiI6IjEifQ==",
          "depends_on": [
            "google_container_cluster.primary"
          ]
        }
      ]
    }
  ]
}
